# THIS IS AN AUTOGENERATED FILE. DO NOT EDIT THIS FILE DIRECTLY.
# yarn lockfile v1


"@popperjs/core@^2.9.2":
  "integrity" "sha512-VZMYa7+fXHdwIq1TDhSXoVmSPEGM/aa+6Aiq3nVVJ9bXr24zScr+NlKFKC3iPljA7ho/GAZr+d2jOf5GIRC30Q=="
  "resolved" "https://registry.npmjs.org/@popperjs/core/-/core-2.9.2.tgz"
  "version" "2.9.2"

"bootstrap-material-design@^4.1.1":
  "integrity" "sha1-h0M9sL9k1qCvsPX6qoYGE0ydJtI="
  "resolved" "https://registry.npmjs.org/bootstrap-material-design/-/bootstrap-material-design-4.1.1.tgz"
  "version" "4.1.1"

"dom7@^3.0.0":
  "integrity" "sha512-oNlcUdHsC4zb7Msx7JN3K0Nro1dzJ48knvBOnDPKJ2GV9wl1i5vydJZUSyOfrkKFDZEud/jBsTk92S/VGSAe/g=="
  "resolved" "https://registry.npmjs.org/dom7/-/dom7-3.0.0.tgz"
  "version" "3.0.0"
  dependencies:
    "ssr-window" "^3.0.0-alpha.1"

"popper.js@^1.14.5":
  "integrity" "sha512-fs4Sd8bZLgEzrk8aS7Em1qh+wcawtE87kRUJQhK6+LndyV1HerX7+LURzAylVaTyWIn5NTB/lyjnWqw/AZ6Yrw=="
  "resolved" "https://registry.npmjs.org/popper.js/-/popper.js-1.14.5.tgz"
  "version" "1.14.5"

"ssr-window@^3.0.0", "ssr-window@^3.0.0-alpha.1":
  "integrity" "sha512-q+8UfWDg9Itrg0yWK7oe5p/XRCJpJF9OBtXfOPgSJl+u3Xd5KI328RUEvUqSMVM9CiQUEf1QdBzJMkYGErj9QA=="
  "resolved" "https://registry.npmjs.org/ssr-window/-/ssr-window-3.0.0.tgz"
  "version" "3.0.0"

"swiper@^6.7.5":
  "integrity" "sha512-KaTjO93tZyMpxWHaey+T+H/JeePMZV/joZWhZaor76Xk+rPGmjOz1S8mXSyrRkaW0p0LOJYeWGB8d0gYxSSV/Q=="
  "resolved" "https://registry.npmjs.org/swiper/-/swiper-6.7.5.tgz"
  "version" "6.7.5"
  dependencies:
    "dom7" "^3.0.0"
    "ssr-window" "^3.0.0"
